
Microsoft Visual Studio Solution File, Format Version 12.00
# Visual Studio Version 17
VisualStudioVersion = 17.14.36414.22 d17.14
MinimumVisualStudioVersion = 10.0.40219.1
Project("{FAE04EC0-301F-11D3-BF4B-00C04F79EFBC}") = "Highest_Scoring_Word", "Highest_Scoring_Word\Highest_Scoring_Word.csproj", "{3627386C-6FC2-4139-B522-B75FB9D4C22C}"
EndProject
Global
	GlobalSection(SolutionConfigurationPlatforms) = preSolution
		Debug|Any CPU = Debug|Any CPU
		Release|Any CPU = Release|Any CPU
	EndGlobalSection
	GlobalSection(ProjectConfigurationPlatforms) = postSolution
		{3627386C-6FC2-4139-B522-B75FB9D4C22C}.Debug|Any CPU.ActiveCfg = Debug|Any CPU
		{3627386C-6FC2-4139-B522-B75FB9D4C22C}.Debug|Any CPU.Build.0 = Debug|Any CPU
		{3627386C-6FC2-4139-B522-B75FB9D4C22C}.Release|Any CPU.ActiveCfg = Release|Any CPU
		{3627386C-6FC2-4139-B522-B75FB9D4C22C}.Release|Any CPU.Build.0 = Release|Any CPU
	EndGlobalSection
	GlobalSection(SolutionProperties) = preSolution
		HideSolutionNode = FALSE
	EndGlobalSection
	GlobalSection(ExtensibilityGlobals) = postSolution
		SolutionGuid = {311BD184-2012-43A0-86FB-A3A08F9BBBA0}
	EndGlobalSection
EndGlobal
