
Microsoft Visual Studio Solution File, Format Version 12.00
# Visual Studio Version 17
VisualStudioVersion = 17.14.36414.22 d17.14
MinimumVisualStudioVersion = 10.0.40219.1
Project("{FAE04EC0-301F-11D3-BF4B-00C04F79EFBC}") = "Added_Up", "Added_Up\Added_Up.csproj", "{A1D8EE4B-31D1-413A-9BDC-143D89CF34D6}"
EndProject
Global
	GlobalSection(SolutionConfigurationPlatforms) = preSolution
		Debug|Any CPU = Debug|Any CPU
		Release|Any CPU = Release|Any CPU
	EndGlobalSection
	GlobalSection(ProjectConfigurationPlatforms) = postSolution
		{A1D8EE4B-31D1-413A-9BDC-143D89CF34D6}.Debug|Any CPU.ActiveCfg = Debug|Any CPU
		{A1D8EE4B-31D1-413A-9BDC-143D89CF34D6}.Debug|Any CPU.Build.0 = Debug|Any CPU
		{A1D8EE4B-31D1-413A-9BDC-143D89CF34D6}.Release|Any CPU.ActiveCfg = Release|Any CPU
		{A1D8EE4B-31D1-413A-9BDC-143D89CF34D6}.Release|Any CPU.Build.0 = Release|Any CPU
	EndGlobalSection
	GlobalSection(SolutionProperties) = preSolution
		HideSolutionNode = FALSE
	EndGlobalSection
	GlobalSection(ExtensibilityGlobals) = postSolution
		SolutionGuid = {70B4F808-A48D-46D1-A860-C6A2E53355D5}
	EndGlobalSection
EndGlobal
